
Microsoft Visual Studio Solution File, Format Version 12.00
# Visual Studio Version 16
VisualStudioVersion = 16.0.30907.101
MinimumVisualStudioVersion = 10.0.40219.1
Project("{2150E333-8FDC-42A3-9474-1A3956D46DE8}") = "src", "src", "{ABC480F5-C05E-4816-A8AC-C5F6E23A665E}"
EndProject
Project("{2150E333-8FDC-42A3-9474-1A3956D46DE8}") = "Catalog", "Catalog", "{7B96AFD1-DE04-413D-A262-85E11EBC31B9}"
EndProject
Project("{9A19103F-16F7-4668-BE54-9A1E7A4F7556}") = "Catalog.API", "src\Catalog\Catalog.API\Catalog.API.csproj", "{E82AF4AF-06A8-4767-9997-AF7B94E51B0B}"
EndProject
Project("{E53339B2-1760-4266-BCC7-CA923CBCF16C}") = "docker-compose", "docker-compose.dcproj", "{741368B8-2935-4EBE-A410-12A96B7F1E66}"
EndProject
Project("{2150E333-8FDC-42A3-9474-1A3956D46DE8}") = "Basket", "Basket", "{AC5EC0DD-2B48-4740-AC82-EE1427E7F655}"
EndProject
Project("{9A19103F-16F7-4668-BE54-9A1E7A4F7556}") = "Basket.API", "src\Basket\Basket.API\Basket.API.csproj", "{42435850-A91B-42C9-81B6-D067FAE12CD4}"
EndProject
Project("{2150E333-8FDC-42A3-9474-1A3956D46DE8}") = "Common", "Common", "{EDA29D3C-A87C-4818-89D4-BE40FD0858C0}"
EndProject
Project("{9A19103F-16F7-4668-BE54-9A1E7A4F7556}") = "EventBusRabbitMQ", "src\Common\EventBusRabbitMQ\EventBusRabbitMQ.csproj", "{93A690F0-8087-4337-B347-684D23C2E221}"
EndProject
Project("{2150E333-8FDC-42A3-9474-1A3956D46DE8}") = "Ordering", "Ordering", "{590A9BD0-2207-4941-A018-1FFF5D79936B}"
EndProject
Project("{9A19103F-16F7-4668-BE54-9A1E7A4F7556}") = "Ordering.API", "src\Ordering\Ordering.API\Ordering.API.csproj", "{8A49191B-8B34-4D93-8583-8194B247635D}"
EndProject
Project("{9A19103F-16F7-4668-BE54-9A1E7A4F7556}") = "Ordering.Core", "src\Ordering\Ordering.Core\Ordering.Core.csproj", "{00F7BCD8-E6DC-47E3-A8E4-FE45AB75B145}"
EndProject
Project("{9A19103F-16F7-4668-BE54-9A1E7A4F7556}") = "Ordering.Infrastructure", "src\Ordering\Ordering.Infrastructure\Ordering.Infrastructure.csproj", "{CE645899-EB74-4663-A816-CCBEA5673BF8}"
EndProject
Project("{9A19103F-16F7-4668-BE54-9A1E7A4F7556}") = "Ordering.Application", "src\Ordering\Ordering.Application\Ordering.Application.csproj", "{71E46FEC-00DF-49E2-B3A0-FF82AC95EED2}"
EndProject
Project("{2150E333-8FDC-42A3-9474-1A3956D46DE8}") = "APIGateway", "APIGateway", "{B74965C9-1146-4A44-BF13-08C801573DE9}"
EndProject
Project("{9A19103F-16F7-4668-BE54-9A1E7A4F7556}") = "Ocelot.APIGateway", "src\APIGateway\Ocelot.APIGateway\Ocelot.APIGateway.csproj", "{4F658CF6-461E-4B98-AF3B-BA8BB8C0C419}"
EndProject
Project("{2150E333-8FDC-42A3-9474-1A3956D46DE8}") = "WebApp", "WebApp", "{E7CD7F37-6A32-4D11-B2AC-0C591ECEC6CC}"
EndProject
Project("{9A19103F-16F7-4668-BE54-9A1E7A4F7556}") = "WebApp", "src\WebApp\AspnetRunBasics\WebApp.csproj", "{B8A1961E-443B-4340-9D82-AD6A1198B452}"
EndProject
Global
	GlobalSection(SolutionConfigurationPlatforms) = preSolution
		Debug|Any CPU = Debug|Any CPU
		Release|Any CPU = Release|Any CPU
	EndGlobalSection
	GlobalSection(ProjectConfigurationPlatforms) = postSolution
		{E82AF4AF-06A8-4767-9997-AF7B94E51B0B}.Debug|Any CPU.ActiveCfg = Debug|Any CPU
		{E82AF4AF-06A8-4767-9997-AF7B94E51B0B}.Debug|Any CPU.Build.0 = Debug|Any CPU
		{E82AF4AF-06A8-4767-9997-AF7B94E51B0B}.Release|Any CPU.ActiveCfg = Release|Any CPU
		{E82AF4AF-06A8-4767-9997-AF7B94E51B0B}.Release|Any CPU.Build.0 = Release|Any CPU
		{741368B8-2935-4EBE-A410-12A96B7F1E66}.Debug|Any CPU.ActiveCfg = Debug|Any CPU
		{741368B8-2935-4EBE-A410-12A96B7F1E66}.Debug|Any CPU.Build.0 = Debug|Any CPU
		{741368B8-2935-4EBE-A410-12A96B7F1E66}.Release|Any CPU.ActiveCfg = Release|Any CPU
		{741368B8-2935-4EBE-A410-12A96B7F1E66}.Release|Any CPU.Build.0 = Release|Any CPU
		{42435850-A91B-42C9-81B6-D067FAE12CD4}.Debug|Any CPU.ActiveCfg = Debug|Any CPU
		{42435850-A91B-42C9-81B6-D067FAE12CD4}.Debug|Any CPU.Build.0 = Debug|Any CPU
		{42435850-A91B-42C9-81B6-D067FAE12CD4}.Release|Any CPU.ActiveCfg = Release|Any CPU
		{42435850-A91B-42C9-81B6-D067FAE12CD4}.Release|Any CPU.Build.0 = Release|Any CPU
		{93A690F0-8087-4337-B347-684D23C2E221}.Debug|Any CPU.ActiveCfg = Debug|Any CPU
		{93A690F0-8087-4337-B347-684D23C2E221}.Debug|Any CPU.Build.0 = Debug|Any CPU
		{93A690F0-8087-4337-B347-684D23C2E221}.Release|Any CPU.ActiveCfg = Release|Any CPU
		{93A690F0-8087-4337-B347-684D23C2E221}.Release|Any CPU.Build.0 = Release|Any CPU
		{8A49191B-8B34-4D93-8583-8194B247635D}.Debug|Any CPU.ActiveCfg = Debug|Any CPU
		{8A49191B-8B34-4D93-8583-8194B247635D}.Debug|Any CPU.Build.0 = Debug|Any CPU
		{8A49191B-8B34-4D93-8583-8194B247635D}.Release|Any CPU.ActiveCfg = Release|Any CPU
		{8A49191B-8B34-4D93-8583-8194B247635D}.Release|Any CPU.Build.0 = Release|Any CPU
		{00F7BCD8-E6DC-47E3-A8E4-FE45AB75B145}.Debug|Any CPU.ActiveCfg = Debug|Any CPU
		{00F7BCD8-E6DC-47E3-A8E4-FE45AB75B145}.Debug|Any CPU.Build.0 = Debug|Any CPU
		{00F7BCD8-E6DC-47E3-A8E4-FE45AB75B145}.Release|Any CPU.ActiveCfg = Release|Any CPU
		{00F7BCD8-E6DC-47E3-A8E4-FE45AB75B145}.Release|Any CPU.Build.0 = Release|Any CPU
		{CE645899-EB74-4663-A816-CCBEA5673BF8}.Debug|Any CPU.ActiveCfg = Debug|Any CPU
		{CE645899-EB74-4663-A816-CCBEA5673BF8}.Debug|Any CPU.Build.0 = Debug|Any CPU
		{CE645899-EB74-4663-A816-CCBEA5673BF8}.Release|Any CPU.ActiveCfg = Release|Any CPU
		{CE645899-EB74-4663-A816-CCBEA5673BF8}.Release|Any CPU.Build.0 = Release|Any CPU
		{71E46FEC-00DF-49E2-B3A0-FF82AC95EED2}.Debug|Any CPU.ActiveCfg = Debug|Any CPU
		{71E46FEC-00DF-49E2-B3A0-FF82AC95EED2}.Debug|Any CPU.Build.0 = Debug|Any CPU
		{71E46FEC-00DF-49E2-B3A0-FF82AC95EED2}.Release|Any CPU.ActiveCfg = Release|Any CPU
		{71E46FEC-00DF-49E2-B3A0-FF82AC95EED2}.Release|Any CPU.Build.0 = Release|Any CPU
		{4F658CF6-461E-4B98-AF3B-BA8BB8C0C419}.Debug|Any CPU.ActiveCfg = Debug|Any CPU
		{4F658CF6-461E-4B98-AF3B-BA8BB8C0C419}.Debug|Any CPU.Build.0 = Debug|Any CPU
		{4F658CF6-461E-4B98-AF3B-BA8BB8C0C419}.Release|Any CPU.ActiveCfg = Release|Any CPU
		{4F658CF6-461E-4B98-AF3B-BA8BB8C0C419}.Release|Any CPU.Build.0 = Release|Any CPU
		{B8A1961E-443B-4340-9D82-AD6A1198B452}.Debug|Any CPU.ActiveCfg = Debug|Any CPU
		{B8A1961E-443B-4340-9D82-AD6A1198B452}.Debug|Any CPU.Build.0 = Debug|Any CPU
		{B8A1961E-443B-4340-9D82-AD6A1198B452}.Release|Any CPU.ActiveCfg = Release|Any CPU
		{B8A1961E-443B-4340-9D82-AD6A1198B452}.Release|Any CPU.Build.0 = Release|Any CPU
	EndGlobalSection
	GlobalSection(SolutionProperties) = preSolution
		HideSolutionNode = FALSE
	EndGlobalSection
	GlobalSection(NestedProjects) = preSolution
		{7B96AFD1-DE04-413D-A262-85E11EBC31B9} = {ABC480F5-C05E-4816-A8AC-C5F6E23A665E}
		{E82AF4AF-06A8-4767-9997-AF7B94E51B0B} = {7B96AFD1-DE04-413D-A262-85E11EBC31B9}
		{AC5EC0DD-2B48-4740-AC82-EE1427E7F655} = {ABC480F5-C05E-4816-A8AC-C5F6E23A665E}
		{42435850-A91B-42C9-81B6-D067FAE12CD4} = {AC5EC0DD-2B48-4740-AC82-EE1427E7F655}
		{EDA29D3C-A87C-4818-89D4-BE40FD0858C0} = {ABC480F5-C05E-4816-A8AC-C5F6E23A665E}
		{93A690F0-8087-4337-B347-684D23C2E221} = {EDA29D3C-A87C-4818-89D4-BE40FD0858C0}
		{590A9BD0-2207-4941-A018-1FFF5D79936B} = {ABC480F5-C05E-4816-A8AC-C5F6E23A665E}
		{8A49191B-8B34-4D93-8583-8194B247635D} = {590A9BD0-2207-4941-A018-1FFF5D79936B}
		{00F7BCD8-E6DC-47E3-A8E4-FE45AB75B145} = {590A9BD0-2207-4941-A018-1FFF5D79936B}
		{CE645899-EB74-4663-A816-CCBEA5673BF8} = {590A9BD0-2207-4941-A018-1FFF5D79936B}
		{71E46FEC-00DF-49E2-B3A0-FF82AC95EED2} = {590A9BD0-2207-4941-A018-1FFF5D79936B}
		{B74965C9-1146-4A44-BF13-08C801573DE9} = {ABC480F5-C05E-4816-A8AC-C5F6E23A665E}
		{4F658CF6-461E-4B98-AF3B-BA8BB8C0C419} = {B74965C9-1146-4A44-BF13-08C801573DE9}
		{E7CD7F37-6A32-4D11-B2AC-0C591ECEC6CC} = {ABC480F5-C05E-4816-A8AC-C5F6E23A665E}
		{B8A1961E-443B-4340-9D82-AD6A1198B452} = {E7CD7F37-6A32-4D11-B2AC-0C591ECEC6CC}
	EndGlobalSection
	GlobalSection(ExtensibilityGlobals) = postSolution
		SolutionGuid = {825B0DE2-474A-4C0B-86CC-B6B216DF3C4B}
	EndGlobalSection
EndGlobal
